
Microsoft Visual Studio Solution File, Format Version 12.00
# Visual Studio Express 2013 for Windows Desktop
VisualStudioVersion = 12.0.31101.0
MinimumVisualStudioVersion = 10.0.40219.1
Project("{F184B08F-C81C-45F6-A57F-5ABD9991F28F}") = "KCloud IntelliPlant for Windows", "KCloud IntelliPlant for Windows.vbproj", "{D331C05C-60E4-41F6-9DA0-2C7153B9BEE0}"
EndProject
Global
	GlobalSection(SolutionConfigurationPlatforms) = preSolution
		Debug|Any CPU = Debug|Any CPU
		Debug|x86 = Debug|x86
		Release|Any CPU = Release|Any CPU
		Release|x86 = Release|x86
	EndGlobalSection
	GlobalSection(ProjectConfigurationPlatforms) = postSolution
		{D331C05C-60E4-41F6-9DA0-2C7153B9BEE0}.Debug|Any CPU.ActiveCfg = Debug|Any CPU
		{D331C05C-60E4-41F6-9DA0-2C7153B9BEE0}.Debug|Any CPU.Build.0 = Debug|Any CPU
		{D331C05C-60E4-41F6-9DA0-2C7153B9BEE0}.Debug|x86.ActiveCfg = Debug|x86
		{D331C05C-60E4-41F6-9DA0-2C7153B9BEE0}.Debug|x86.Build.0 = Debug|x86
		{D331C05C-60E4-41F6-9DA0-2C7153B9BEE0}.Release|Any CPU.ActiveCfg = Release|Any CPU
		{D331C05C-60E4-41F6-9DA0-2C7153B9BEE0}.Release|Any CPU.Build.0 = Release|Any CPU
		{D331C05C-60E4-41F6-9DA0-2C7153B9BEE0}.Release|Any CPU.Deploy.0 = Release|Any CPU
		{D331C05C-60E4-41F6-9DA0-2C7153B9BEE0}.Release|x86.ActiveCfg = Release|Any CPU
		{D331C05C-60E4-41F6-9DA0-2C7153B9BEE0}.Release|x86.Build.0 = Release|Any CPU
	EndGlobalSection
	GlobalSection(SolutionProperties) = preSolution
		HideSolutionNode = FALSE
	EndGlobalSection
EndGlobal
